{
    "_meta": {
        "hash": {
            "sha256": "1371f3bfc67645125e910029dc634a6c40a4a45b73d01970d7ac46996fece53e"
        },
        "pipfile-spec": 6,
        "requires": {
            "python_version": "3.8"
        },
        "sources": [
            {
                "name": "pypi",
                "url": "https://pypi.org/simple",
                "verify_ssl": true
            }
        ]
    },
    "default": {},
    "develop": {}
}
